
Microsoft Visual Studio Solution File, Format Version 12.00
# Visual Studio 15
VisualStudioVersion = 15.0.26430.12
MinimumVisualStudioVersion = 10.0.40219.1
Project("{9A19103F-16F7-4668-BE54-9A1E7A4F7556}") = "A4CoreBlog.Web", "A4CoreBlog.Web\A4CoreBlog.Web.csproj", "{C972E895-DE80-4FC5-9C35-542F813C4A23}"
EndProject
Project("{9A19103F-16F7-4668-BE54-9A1E7A4F7556}") = "A4CoreBlog.Data", "A4CoreBlog.Data\A4CoreBlog.Data.csproj", "{8FAD10D8-DDDB-42CD-BD23-C84904872F12}"
EndProject
Project("{2150E333-8FDC-42A3-9474-1A3956D46DE8}") = "data", "data", "{2B3759D3-2FCE-420E-B2A8-85BC084DB25F}"
EndProject
Project("{9A19103F-16F7-4668-BE54-9A1E7A4F7556}") = "A4CoreBlog.Data.Services", "A4CoreBlog.Data.Services\A4CoreBlog.Data.Services.csproj", "{F6AAD288-D0FA-4E0A-9AE6-9266C4A865C6}"
EndProject
Project("{9A19103F-16F7-4668-BE54-9A1E7A4F7556}") = "A4CoreBlog.Data.Models", "A4CoreBlog.Data.Models\A4CoreBlog.Data.Models.csproj", "{5FD7D1E4-6A96-484D-A861-1EC081141E1F}"
EndProject
Project("{9A19103F-16F7-4668-BE54-9A1E7A4F7556}") = "A4CoreBlog.Data.Infrastructure", "A4CoreBlog.Data.Infrastructure\A4CoreBlog.Data.Infrastructure.csproj", "{7DBD5545-F718-41C2-85FF-B90123F9D278}"
EndProject
Project("{9A19103F-16F7-4668-BE54-9A1E7A4F7556}") = "A4CoreBlog.Data.ViewModels", "A4CoreBlog.Data.ViewModels\A4CoreBlog.Data.ViewModels.csproj", "{E547DE4C-1593-4E93-A052-9826DAB0AC01}"
EndProject
Project("{2150E333-8FDC-42A3-9474-1A3956D46DE8}") = "common", "common", "{2E1B8682-113A-485D-B5F3-6962E9CCC488}"
EndProject
Project("{9A19103F-16F7-4668-BE54-9A1E7A4F7556}") = "A4CoreBlog.Common", "A4CoreBlog.Common\A4CoreBlog.Common.csproj", "{EC38B4AA-38E7-47E2-A309-216539C0C5F4}"
EndProject
Project("{FAE04EC0-301F-11D3-BF4B-00C04F79EFBC}") = "A4CoreBlog.Data.Common", "A4CoreBlog.Data.Common\A4CoreBlog.Data.Common.csproj", "{91D76415-62CD-4C85-9800-77E008296557}"
EndProject
Global
	GlobalSection(SolutionConfigurationPlatforms) = preSolution
		Debug|Any CPU = Debug|Any CPU
		Release|Any CPU = Release|Any CPU
	EndGlobalSection
	GlobalSection(ProjectConfigurationPlatforms) = postSolution
		{C972E895-DE80-4FC5-9C35-542F813C4A23}.Debug|Any CPU.ActiveCfg = Debug|Any CPU
		{C972E895-DE80-4FC5-9C35-542F813C4A23}.Debug|Any CPU.Build.0 = Debug|Any CPU
		{C972E895-DE80-4FC5-9C35-542F813C4A23}.Release|Any CPU.ActiveCfg = Release|Any CPU
		{C972E895-DE80-4FC5-9C35-542F813C4A23}.Release|Any CPU.Build.0 = Release|Any CPU
		{8FAD10D8-DDDB-42CD-BD23-C84904872F12}.Debug|Any CPU.ActiveCfg = Debug|Any CPU
		{8FAD10D8-DDDB-42CD-BD23-C84904872F12}.Debug|Any CPU.Build.0 = Debug|Any CPU
		{8FAD10D8-DDDB-42CD-BD23-C84904872F12}.Release|Any CPU.ActiveCfg = Release|Any CPU
		{8FAD10D8-DDDB-42CD-BD23-C84904872F12}.Release|Any CPU.Build.0 = Release|Any CPU
		{F6AAD288-D0FA-4E0A-9AE6-9266C4A865C6}.Debug|Any CPU.ActiveCfg = Debug|Any CPU
		{F6AAD288-D0FA-4E0A-9AE6-9266C4A865C6}.Debug|Any CPU.Build.0 = Debug|Any CPU
		{F6AAD288-D0FA-4E0A-9AE6-9266C4A865C6}.Release|Any CPU.ActiveCfg = Release|Any CPU
		{F6AAD288-D0FA-4E0A-9AE6-9266C4A865C6}.Release|Any CPU.Build.0 = Release|Any CPU
		{5FD7D1E4-6A96-484D-A861-1EC081141E1F}.Debug|Any CPU.ActiveCfg = Debug|Any CPU
		{5FD7D1E4-6A96-484D-A861-1EC081141E1F}.Debug|Any CPU.Build.0 = Debug|Any CPU
		{5FD7D1E4-6A96-484D-A861-1EC081141E1F}.Release|Any CPU.ActiveCfg = Release|Any CPU
		{5FD7D1E4-6A96-484D-A861-1EC081141E1F}.Release|Any CPU.Build.0 = Release|Any CPU
		{7DBD5545-F718-41C2-85FF-B90123F9D278}.Debug|Any CPU.ActiveCfg = Debug|Any CPU
		{7DBD5545-F718-41C2-85FF-B90123F9D278}.Debug|Any CPU.Build.0 = Debug|Any CPU
		{7DBD5545-F718-41C2-85FF-B90123F9D278}.Release|Any CPU.ActiveCfg = Release|Any CPU
		{7DBD5545-F718-41C2-85FF-B90123F9D278}.Release|Any CPU.Build.0 = Release|Any CPU
		{E547DE4C-1593-4E93-A052-9826DAB0AC01}.Debug|Any CPU.ActiveCfg = Debug|Any CPU
		{E547DE4C-1593-4E93-A052-9826DAB0AC01}.Debug|Any CPU.Build.0 = Debug|Any CPU
		{E547DE4C-1593-4E93-A052-9826DAB0AC01}.Release|Any CPU.ActiveCfg = Release|Any CPU
		{E547DE4C-1593-4E93-A052-9826DAB0AC01}.Release|Any CPU.Build.0 = Release|Any CPU
		{EC38B4AA-38E7-47E2-A309-216539C0C5F4}.Debug|Any CPU.ActiveCfg = Debug|Any CPU
		{EC38B4AA-38E7-47E2-A309-216539C0C5F4}.Debug|Any CPU.Build.0 = Debug|Any CPU
		{EC38B4AA-38E7-47E2-A309-216539C0C5F4}.Release|Any CPU.ActiveCfg = Release|Any CPU
		{EC38B4AA-38E7-47E2-A309-216539C0C5F4}.Release|Any CPU.Build.0 = Release|Any CPU
		{91D76415-62CD-4C85-9800-77E008296557}.Debug|Any CPU.ActiveCfg = Debug|Any CPU
		{91D76415-62CD-4C85-9800-77E008296557}.Debug|Any CPU.Build.0 = Debug|Any CPU
		{91D76415-62CD-4C85-9800-77E008296557}.Release|Any CPU.ActiveCfg = Release|Any CPU
		{91D76415-62CD-4C85-9800-77E008296557}.Release|Any CPU.Build.0 = Release|Any CPU
	EndGlobalSection
	GlobalSection(SolutionProperties) = preSolution
		HideSolutionNode = FALSE
	EndGlobalSection
	GlobalSection(NestedProjects) = preSolution
		{8FAD10D8-DDDB-42CD-BD23-C84904872F12} = {2B3759D3-2FCE-420E-B2A8-85BC084DB25F}
		{F6AAD288-D0FA-4E0A-9AE6-9266C4A865C6} = {2B3759D3-2FCE-420E-B2A8-85BC084DB25F}
		{5FD7D1E4-6A96-484D-A861-1EC081141E1F} = {2B3759D3-2FCE-420E-B2A8-85BC084DB25F}
		{7DBD5545-F718-41C2-85FF-B90123F9D278} = {2B3759D3-2FCE-420E-B2A8-85BC084DB25F}
		{E547DE4C-1593-4E93-A052-9826DAB0AC01} = {2B3759D3-2FCE-420E-B2A8-85BC084DB25F}
		{EC38B4AA-38E7-47E2-A309-216539C0C5F4} = {2E1B8682-113A-485D-B5F3-6962E9CCC488}
		{91D76415-62CD-4C85-9800-77E008296557} = {2B3759D3-2FCE-420E-B2A8-85BC084DB25F}
	EndGlobalSection
EndGlobal
